
Microsoft Visual Studio Solution File, Format Version 12.00
# Visual Studio Version 16
VisualStudioVersion = 16.0.29201.188
MinimumVisualStudioVersion = 10.0.40219.1
Project("{FAE04EC0-301F-11D3-BF4B-00C04F79EFBC}") = "LamaMania", "LAMAMAnia\LamaMania.csproj", "{5C07A2BC-0B93-4970-A23E-5CE6F89693AC}"
EndProject
Project("{FAE04EC0-301F-11D3-BF4B-00C04F79EFBC}") = "LamaLang", "LamaLang\LamaLang.csproj", "{186ECF1D-2BED-41E1-AD22-4532C349C0E5}"
EndProject
Project("{FAE04EC0-301F-11D3-BF4B-00C04F79EFBC}") = "LamaPlugin", "LamaPlugin.cs\LamaPlugin.csproj", "{6D5F0F62-232C-4611-9B40-C29E30492B70}"
EndProject
Project("{FAE04EC0-301F-11D3-BF4B-00C04F79EFBC}") = "LamaTest", "LamaTest\LamaTest.csproj", "{BB5C8333-966B-46A2-AEBF-236F5C71913C}"
EndProject
Project("{FAE04EC0-301F-11D3-BF4B-00C04F79EFBC}") = "BasicsCommandsPlugin", "BasicsCommandsPlugin\BasicsCommandsPlugin.csproj", "{F37E9401-7491-44BE-8BB4-6E41BCA5D52D}"
EndProject
Project("{FAE04EC0-301F-11D3-BF4B-00C04F79EFBC}") = "ConsoleTest", "ConsoleTest\ConsoleTest.csproj", "{EFC74C3D-88AC-4060-9BBC-BB1B4140CEB6}"
EndProject
Project("{FAE04EC0-301F-11D3-BF4B-00C04F79EFBC}") = "TestApp", "TestApp\TestApp.csproj", "{05ADDE83-272A-4807-8474-EC778A706496}"
EndProject
Project("{FAE04EC0-301F-11D3-BF4B-00C04F79EFBC}") = "UAsecoPlugin", "UAsecoPlugin\UAsecoPlugin.csproj", "{5045BD0B-F2C6-4904-9AD9-EAE5D3EBCEA4}"
EndProject
Project("{FAE04EC0-301F-11D3-BF4B-00C04F79EFBC}") = "LamaController", "LamaController\LamaController.csproj", "{43C7BB08-58BD-4DBF-9096-702A25511842}"
EndProject
Project("{FAE04EC0-301F-11D3-BF4B-00C04F79EFBC}") = "XmlRpcEncrypted", "XmlRpcEncrypted\XmlRpcEncrypted.csproj", "{623E08A4-74E0-4CB6-8CF9-66B8D65B4AD9}"
EndProject
Project("{FAE04EC0-301F-11D3-BF4B-00C04F79EFBC}") = "ServerTest", "ServerTest\ServerTest.csproj", "{1EF8A022-ADA4-41D2-9A77-597B20F47945}"
EndProject
Project("{2150E333-8FDC-42A3-9474-1A3956D46DE8}") = "Applications", "Applications", "{15296801-1560-43B4-A180-BC72EA6A1C08}"
EndProject
Project("{2150E333-8FDC-42A3-9474-1A3956D46DE8}") = "Libs", "Libs", "{9A447B10-CFBE-4C07-A956-DA4811A06B95}"
EndProject
Project("{2150E333-8FDC-42A3-9474-1A3956D46DE8}") = "TestApps", "TestApps", "{144FB436-23AF-4117-9645-899EB80644CD}"
EndProject
Project("{2150E333-8FDC-42A3-9474-1A3956D46DE8}") = "PluginsTests", "PluginsTests", "{D993D20A-F083-4235-BE98-FC4C2D77C2A9}"
EndProject
Project("{2150E333-8FDC-42A3-9474-1A3956D46DE8}") = "UnitTests", "UnitTests", "{77882238-D2B2-4C54-9903-8FEE6CC74C88}"
EndProject
Project("{9A19103F-16F7-4668-BE54-9A1E7A4F7556}") = "GBXMapParser", "GBXMapParser\GBXMapParser.csproj", "{F59B1BD4-1531-4A3F-8F5D-EA982E49B34D}"
EndProject
Project("{FAE04EC0-301F-11D3-BF4B-00C04F79EFBC}") = "Test_PMCache", "Test_PMCache\Test_PMCache.csproj", "{7069AF15-061C-48FC-895F-AE1355BA9D3B}"
EndProject
Project("{FAE04EC0-301F-11D3-BF4B-00C04F79EFBC}") = "Records", "Records\Records.csproj", "{E31F36D0-89EA-4477-BCB8-7142A9D7A72D}"
EndProject
Global
	GlobalSection(SolutionConfigurationPlatforms) = preSolution
		Debug|Any CPU = Debug|Any CPU
		Release|Any CPU = Release|Any CPU
	EndGlobalSection
	GlobalSection(ProjectConfigurationPlatforms) = postSolution
		{5C07A2BC-0B93-4970-A23E-5CE6F89693AC}.Debug|Any CPU.ActiveCfg = Debug|Any CPU
		{5C07A2BC-0B93-4970-A23E-5CE6F89693AC}.Debug|Any CPU.Build.0 = Debug|Any CPU
		{5C07A2BC-0B93-4970-A23E-5CE6F89693AC}.Release|Any CPU.ActiveCfg = Release|Any CPU
		{5C07A2BC-0B93-4970-A23E-5CE6F89693AC}.Release|Any CPU.Build.0 = Release|Any CPU
		{186ECF1D-2BED-41E1-AD22-4532C349C0E5}.Debug|Any CPU.ActiveCfg = Debug|Any CPU
		{186ECF1D-2BED-41E1-AD22-4532C349C0E5}.Debug|Any CPU.Build.0 = Debug|Any CPU
		{186ECF1D-2BED-41E1-AD22-4532C349C0E5}.Release|Any CPU.ActiveCfg = Release|Any CPU
		{186ECF1D-2BED-41E1-AD22-4532C349C0E5}.Release|Any CPU.Build.0 = Release|Any CPU
		{6D5F0F62-232C-4611-9B40-C29E30492B70}.Debug|Any CPU.ActiveCfg = Debug|Any CPU
		{6D5F0F62-232C-4611-9B40-C29E30492B70}.Debug|Any CPU.Build.0 = Debug|Any CPU
		{6D5F0F62-232C-4611-9B40-C29E30492B70}.Release|Any CPU.ActiveCfg = Release|Any CPU
		{6D5F0F62-232C-4611-9B40-C29E30492B70}.Release|Any CPU.Build.0 = Release|Any CPU
		{BB5C8333-966B-46A2-AEBF-236F5C71913C}.Debug|Any CPU.ActiveCfg = Debug|Any CPU
		{BB5C8333-966B-46A2-AEBF-236F5C71913C}.Debug|Any CPU.Build.0 = Debug|Any CPU
		{BB5C8333-966B-46A2-AEBF-236F5C71913C}.Release|Any CPU.ActiveCfg = Release|Any CPU
		{BB5C8333-966B-46A2-AEBF-236F5C71913C}.Release|Any CPU.Build.0 = Release|Any CPU
		{F37E9401-7491-44BE-8BB4-6E41BCA5D52D}.Debug|Any CPU.ActiveCfg = Debug|Any CPU
		{F37E9401-7491-44BE-8BB4-6E41BCA5D52D}.Debug|Any CPU.Build.0 = Debug|Any CPU
		{F37E9401-7491-44BE-8BB4-6E41BCA5D52D}.Release|Any CPU.ActiveCfg = Release|Any CPU
		{F37E9401-7491-44BE-8BB4-6E41BCA5D52D}.Release|Any CPU.Build.0 = Release|Any CPU
		{EFC74C3D-88AC-4060-9BBC-BB1B4140CEB6}.Debug|Any CPU.ActiveCfg = Debug|Any CPU
		{EFC74C3D-88AC-4060-9BBC-BB1B4140CEB6}.Debug|Any CPU.Build.0 = Debug|Any CPU
		{EFC74C3D-88AC-4060-9BBC-BB1B4140CEB6}.Release|Any CPU.ActiveCfg = Release|Any CPU
		{EFC74C3D-88AC-4060-9BBC-BB1B4140CEB6}.Release|Any CPU.Build.0 = Release|Any CPU
		{05ADDE83-272A-4807-8474-EC778A706496}.Debug|Any CPU.ActiveCfg = Debug|Any CPU
		{05ADDE83-272A-4807-8474-EC778A706496}.Debug|Any CPU.Build.0 = Debug|Any CPU
		{05ADDE83-272A-4807-8474-EC778A706496}.Release|Any CPU.ActiveCfg = Release|Any CPU
		{05ADDE83-272A-4807-8474-EC778A706496}.Release|Any CPU.Build.0 = Release|Any CPU
		{5045BD0B-F2C6-4904-9AD9-EAE5D3EBCEA4}.Debug|Any CPU.ActiveCfg = Debug|Any CPU
		{5045BD0B-F2C6-4904-9AD9-EAE5D3EBCEA4}.Debug|Any CPU.Build.0 = Debug|Any CPU
		{5045BD0B-F2C6-4904-9AD9-EAE5D3EBCEA4}.Release|Any CPU.ActiveCfg = Release|Any CPU
		{5045BD0B-F2C6-4904-9AD9-EAE5D3EBCEA4}.Release|Any CPU.Build.0 = Release|Any CPU
		{43C7BB08-58BD-4DBF-9096-702A25511842}.Debug|Any CPU.ActiveCfg = Debug|Any CPU
		{43C7BB08-58BD-4DBF-9096-702A25511842}.Debug|Any CPU.Build.0 = Debug|Any CPU
		{43C7BB08-58BD-4DBF-9096-702A25511842}.Release|Any CPU.ActiveCfg = Release|Any CPU
		{43C7BB08-58BD-4DBF-9096-702A25511842}.Release|Any CPU.Build.0 = Release|Any CPU
		{623E08A4-74E0-4CB6-8CF9-66B8D65B4AD9}.Debug|Any CPU.ActiveCfg = Debug|Any CPU
		{623E08A4-74E0-4CB6-8CF9-66B8D65B4AD9}.Debug|Any CPU.Build.0 = Debug|Any CPU
		{623E08A4-74E0-4CB6-8CF9-66B8D65B4AD9}.Release|Any CPU.ActiveCfg = Release|Any CPU
		{623E08A4-74E0-4CB6-8CF9-66B8D65B4AD9}.Release|Any CPU.Build.0 = Release|Any CPU
		{1EF8A022-ADA4-41D2-9A77-597B20F47945}.Debug|Any CPU.ActiveCfg = Debug|Any CPU
		{1EF8A022-ADA4-41D2-9A77-597B20F47945}.Debug|Any CPU.Build.0 = Debug|Any CPU
		{1EF8A022-ADA4-41D2-9A77-597B20F47945}.Release|Any CPU.ActiveCfg = Release|Any CPU
		{1EF8A022-ADA4-41D2-9A77-597B20F47945}.Release|Any CPU.Build.0 = Release|Any CPU
		{F59B1BD4-1531-4A3F-8F5D-EA982E49B34D}.Debug|Any CPU.ActiveCfg = Debug|Any CPU
		{F59B1BD4-1531-4A3F-8F5D-EA982E49B34D}.Debug|Any CPU.Build.0 = Debug|Any CPU
		{F59B1BD4-1531-4A3F-8F5D-EA982E49B34D}.Release|Any CPU.ActiveCfg = Release|Any CPU
		{F59B1BD4-1531-4A3F-8F5D-EA982E49B34D}.Release|Any CPU.Build.0 = Release|Any CPU
		{7069AF15-061C-48FC-895F-AE1355BA9D3B}.Debug|Any CPU.ActiveCfg = Debug|Any CPU
		{7069AF15-061C-48FC-895F-AE1355BA9D3B}.Debug|Any CPU.Build.0 = Debug|Any CPU
		{7069AF15-061C-48FC-895F-AE1355BA9D3B}.Release|Any CPU.ActiveCfg = Release|Any CPU
		{7069AF15-061C-48FC-895F-AE1355BA9D3B}.Release|Any CPU.Build.0 = Release|Any CPU
		{E31F36D0-89EA-4477-BCB8-7142A9D7A72D}.Debug|Any CPU.ActiveCfg = Debug|Any CPU
		{E31F36D0-89EA-4477-BCB8-7142A9D7A72D}.Debug|Any CPU.Build.0 = Debug|Any CPU
		{E31F36D0-89EA-4477-BCB8-7142A9D7A72D}.Release|Any CPU.ActiveCfg = Release|Any CPU
		{E31F36D0-89EA-4477-BCB8-7142A9D7A72D}.Release|Any CPU.Build.0 = Release|Any CPU
	EndGlobalSection
	GlobalSection(SolutionProperties) = preSolution
		HideSolutionNode = FALSE
	EndGlobalSection
	GlobalSection(NestedProjects) = preSolution
		{5C07A2BC-0B93-4970-A23E-5CE6F89693AC} = {15296801-1560-43B4-A180-BC72EA6A1C08}
		{186ECF1D-2BED-41E1-AD22-4532C349C0E5} = {9A447B10-CFBE-4C07-A956-DA4811A06B95}
		{6D5F0F62-232C-4611-9B40-C29E30492B70} = {9A447B10-CFBE-4C07-A956-DA4811A06B95}
		{BB5C8333-966B-46A2-AEBF-236F5C71913C} = {77882238-D2B2-4C54-9903-8FEE6CC74C88}
		{F37E9401-7491-44BE-8BB4-6E41BCA5D52D} = {D993D20A-F083-4235-BE98-FC4C2D77C2A9}
		{EFC74C3D-88AC-4060-9BBC-BB1B4140CEB6} = {144FB436-23AF-4117-9645-899EB80644CD}
		{05ADDE83-272A-4807-8474-EC778A706496} = {144FB436-23AF-4117-9645-899EB80644CD}
		{5045BD0B-F2C6-4904-9AD9-EAE5D3EBCEA4} = {D993D20A-F083-4235-BE98-FC4C2D77C2A9}
		{43C7BB08-58BD-4DBF-9096-702A25511842} = {15296801-1560-43B4-A180-BC72EA6A1C08}
		{623E08A4-74E0-4CB6-8CF9-66B8D65B4AD9} = {9A447B10-CFBE-4C07-A956-DA4811A06B95}
		{1EF8A022-ADA4-41D2-9A77-597B20F47945} = {144FB436-23AF-4117-9645-899EB80644CD}
		{F59B1BD4-1531-4A3F-8F5D-EA982E49B34D} = {9A447B10-CFBE-4C07-A956-DA4811A06B95}
		{7069AF15-061C-48FC-895F-AE1355BA9D3B} = {144FB436-23AF-4117-9645-899EB80644CD}
		{E31F36D0-89EA-4477-BCB8-7142A9D7A72D} = {D993D20A-F083-4235-BE98-FC4C2D77C2A9}
	EndGlobalSection
	GlobalSection(ExtensibilityGlobals) = postSolution
		SolutionGuid = {BBF715F4-D5D5-4459-B5A2-E9E98E831FFA}
	EndGlobalSection
EndGlobal
